{
  "version": 4,
  "terraform_version": "1.1.5",
  "serial": 39,
  "lineage": "c2a8e62a-a2ef-5882-a727-ee79dc09b1ef",
  "outputs": {},
  "resources": [
    {
      "mode": "managed",
      "type": "aws_cloudwatch_event_rule",
      "name": "myruler",
      "provider": "provider[\"registry.terraform.io/hashicorp/aws\"]",
      "instances": [
        {
          "schema_version": 0,
          "attributes": {
            "arn": "arn:aws:events:eu-central-1:414530803393:rule/log-bucket-test-rule",
            "description": "Capture each AWS Console Sign In",
            "event_bus_name": "default",
            "event_pattern": "{\"detail\":{\"eventName\":[\"ListObjects\",\"ListObjectVersions\",\"PutObject\",\"GetObject\",\"HeadObject\",\"CopyObject\",\"GetObjectAcl\",\"PutObjectAcl\",\"CreateMultipartUpload\",\"ListParts\",\"UploadPart\",\"CompleteMultipartUpload\",\"AbortMultipartUpload\",\"UploadPartCopy\",\"RestoreObject\",\"DeleteObject\",\"DeleteObjects\",\"GetObjectTorrent\",\"SelectObjectContent\",\"PutObjectLockRetention\",\"PutObjectLockLegalHold\",\"GetObjectLockRetention\",\"GetObjectLockLegalHold\"],\"eventSource\":[\"s3.amazonaws.com\"],\"requestParameters\":{\"bucketName\":[\"log-bucket-1-1\"]}},\"detail-type\":[\"AWS API Call via CloudTrail\"],\"source\":[\"aws.s3\"]}",
            "id": "log-bucket-test-rule",
            "is_enabled": true,
            "name": "log-bucket-test-rule",
            "name_prefix": "",
            "role_arn": "",
            "schedule_expression": "",
            "tags": null,
            "tags_all": {}
          },
          "sensitive_attributes": [],
          "private": "bnVsbA==",
          "dependencies": [
            "aws_s3_bucket.log-bucket"
          ]
        }
      ]
    },
    {
      "mode": "managed",
      "type": "aws_cloudwatch_event_target",
      "name": "log",
      "provider": "provider[\"registry.terraform.io/hashicorp/aws\"]",
      "instances": [
        {
          "schema_version": 1,
          "attributes": {
            "arn": "arn:aws:logs:eu-central-1:414530803393:log-group:s3-logs",
            "batch_target": [],
            "dead_letter_config": [],
            "ecs_target": [],
            "event_bus_name": "default",
            "http_target": [],
            "id": "log-bucket-test-rule-autologgp",
            "input": "",
            "input_path": "",
            "input_transformer": [],
            "kinesis_target": [],
            "redshift_target": [],
            "retry_policy": [],
            "role_arn": "",
            "rule": "log-bucket-test-rule",
            "run_command_targets": [],
            "sqs_target": [],
            "target_id": "autologgp"
          },
          "sensitive_attributes": [],
          "private": "eyJzY2hlbWFfdmVyc2lvbiI6IjEifQ==",
          "dependencies": [
            "aws_cloudwatch_event_rule.myruler",
            "aws_cloudwatch_log_group.s3-logs",
            "aws_s3_bucket.log-bucket"
          ]
        }
      ]
    },
    {
      "mode": "managed",
      "type": "aws_cloudwatch_log_group",
      "name": "s3-logs",
      "provider": "provider[\"registry.terraform.io/hashicorp/aws\"]",
      "instances": [
        {
          "schema_version": 0,
          "attributes": {
            "arn": "arn:aws:logs:eu-central-1:414530803393:log-group:s3-logs",
            "id": "s3-logs",
            "kms_key_id": "",
            "name": "s3-logs",
            "name_prefix": null,
            "retention_in_days": 0,
            "tags": null,
            "tags_all": {}
          },
          "sensitive_attributes": [],
          "private": "bnVsbA=="
        }
      ]
    },
    {
      "mode": "managed",
      "type": "aws_s3_bucket",
      "name": "log-bucket",
      "provider": "provider[\"registry.terraform.io/hashicorp/aws\"]",
      "instances": [
        {
          "schema_version": 0,
          "attributes": {
            "acceleration_status": "",
            "acl": "private",
            "arn": "arn:aws:s3:::log-bucket-1-1",
            "bucket": "log-bucket-1-1",
            "bucket_domain_name": "log-bucket-1-1.s3.amazonaws.com",
            "bucket_prefix": null,
            "bucket_regional_domain_name": "log-bucket-1-1.s3.eu-central-1.amazonaws.com",
            "cors_rule": [],
            "force_destroy": false,
            "grant": [],
            "hosted_zone_id": "Z21DNDUVLTQW6Q",
            "id": "log-bucket-1-1",
            "lifecycle_rule": [],
            "logging": [],
            "object_lock_configuration": [],
            "policy": "",
            "region": "eu-central-1",
            "replication_configuration": [],
            "request_payer": "BucketOwner",
            "server_side_encryption_configuration": [],
            "tags": null,
            "tags_all": {},
            "versioning": [
              {
                "enabled": false,
                "mfa_delete": false
              }
            ],
            "website": [],
            "website_domain": null,
            "website_endpoint": null
          },
          "sensitive_attributes": [],
          "private": "bnVsbA=="
        }
      ]
    },
    {
      "mode": "managed",
      "type": "aws_s3_bucket_notification",
      "name": "s3-notif",
      "provider": "provider[\"registry.terraform.io/hashicorp/aws\"]",
      "instances": [
        {
          "schema_version": 0,
          "attributes": {
            "bucket": "log-bucket-1-1",
            "eventbridge": true,
            "id": "log-bucket-1-1",
            "lambda_function": [],
            "queue": [],
            "topic": []
          },
          "sensitive_attributes": [],
          "private": "bnVsbA==",
          "dependencies": [
            "aws_s3_bucket.log-bucket"
          ]
        }
      ]
    }
  ]
}
